
Microsoft Visual Studio Solution File, Format Version 12.00
# Visual Studio 14
VisualStudioVersion = 14.0.25420.1
MinimumVisualStudioVersion = 10.0.40219.1
Project("{FAE04EC0-301F-11D3-BF4B-00C04F79EFBC}") = "MVPLight.WinForm", "MVPLight.WinForm\MVPLight.WinForm.csproj", "{71962E46-A2FB-4011-A242-2751F025BE57}"
EndProject
Project("{FAE04EC0-301F-11D3-BF4B-00C04F79EFBC}") = "MVPLight.Core", "MVPLight.Core\MVPLight.Core.csproj", "{8F01958C-5226-4AFA-903B-5D51CB8B1195}"
EndProject
Global
	GlobalSection(SolutionConfigurationPlatforms) = preSolution
		Debug|Any CPU = Debug|Any CPU
		Release|Any CPU = Release|Any CPU
	EndGlobalSection
	GlobalSection(ProjectConfigurationPlatforms) = postSolution
		{71962E46-A2FB-4011-A242-2751F025BE57}.Debug|Any CPU.ActiveCfg = Debug|Any CPU
		{71962E46-A2FB-4011-A242-2751F025BE57}.Debug|Any CPU.Build.0 = Debug|Any CPU
		{71962E46-A2FB-4011-A242-2751F025BE57}.Release|Any CPU.ActiveCfg = Release|Any CPU
		{71962E46-A2FB-4011-A242-2751F025BE57}.Release|Any CPU.Build.0 = Release|Any CPU
		{8F01958C-5226-4AFA-903B-5D51CB8B1195}.Debug|Any CPU.ActiveCfg = Debug|Any CPU
		{8F01958C-5226-4AFA-903B-5D51CB8B1195}.Debug|Any CPU.Build.0 = Debug|Any CPU
		{8F01958C-5226-4AFA-903B-5D51CB8B1195}.Release|Any CPU.ActiveCfg = Release|Any CPU
		{8F01958C-5226-4AFA-903B-5D51CB8B1195}.Release|Any CPU.Build.0 = Release|Any CPU
	EndGlobalSection
	GlobalSection(SolutionProperties) = preSolution
		HideSolutionNode = FALSE
	EndGlobalSection
EndGlobal
